{
  "name": "mdes-expert-system",
  "lockfileVersion": 3,
  "requires": true,
  "packages": {
    "": {
      "name": "mdes-expert-system",
      "dependencies": {
        "swipl-wasm": "^8.0.7"
      }
    },
    "node_modules/@types/emscripten": {
      "version": "1.41.5",
      "resolved": "https://registry.npmjs.org/@types/emscripten/-/emscripten-1.41.5.tgz",
      "integrity": "sha512-cMQm7pxu6BxtHyqJ7mQZ2kXWV5SLmugybFdHCBbJ5eHzOo6VhBckEgAT3//rP5FwPHNPeEiq4SmQ5ucBwsOo4Q==",
      "license": "MIT"
    },
    "node_modules/swipl-wasm": {
      "version": "8.0.7",
      "resolved": "https://registry.npmjs.org/swipl-wasm/-/swipl-wasm-8.0.7.tgz",
      "integrity": "sha512-oO5dsXeTwSHjbk3xsb6PfQDv9slJDc7QQm4qLgEXewTGsclg1MtAc6qpGnHsvvS/817yRYceDHpLE1bsbu6IMQ==",
      "license": "BSD-2-Clause",
      "dependencies": {
        "@types/emscripten": "^1.41.5"
      },
      "bin": {
        "swipl-generate": "dist/bin/index.js"
      }
    }
  }
}
